# This file is automatically @generated by Cargo.
# It is not intended for manual editing.
version = 4

[[package]]
name = "zaw"
version = "0.0.1"
source = "registry+https://github.com/rust-lang/crates.io-index"
checksum = "fb004bd10fb466528b9037fe870b9647103f84395ddac4c84b21c3f1222fcbc8"

[[package]]
name = "zaw-rust-example"
version = "0.1.0"
dependencies = [
 "zaw",
]
